PODS:
  - box-ios-sdk-v2 (1.1.2):
    - box-ios-sdk-v2/no-arc
  - box-ios-sdk-v2/no-arc (1.1.2)
  - Fingertips (0.3.0)
  - ios-linechart (1.2.0):
    - objc-utils (~> 0.3.3)
  - JDStatusBarNotification (1.3)
  - objc-utils (0.3.3):
    - objc-utils/CoreFoundation
    - objc-utils/UIKit
  - objc-utils/CoreFoundation (0.3.3)
  - objc-utils/UIKit (0.3.3)

DEPENDENCIES:
  - box-ios-sdk-v2
  - Fingertips
  - ios-linechart
  - JDStatusBarNotification

SPEC CHECKSUMS:
  box-ios-sdk-v2: d225b85a0f18a6cd1566cead0e853c280ed440ea
  Fingertips: ba4141dcd79c0474bb51167f039de3473f72a2ca
  ios-linechart: 82c07f8add08d82fb987f195ea82913fe199186a
  JDStatusBarNotification: c9726f729e07baf09e074b46e58aa4e9b4f63fb6
  objc-utils: fe0075f791920ae55b4bc7e199ef7d7130eb1575

COCOAPODS: 0.27.1
