// !$*UTF8*$!
{
	archiveVersion = 1;
	classes = {
	};
	objectVersion = 46;
	objects = {

/* Begin PBXBuildFile section */
		D22CC269181C22EA00A61CB9 /* SFProfileHeaderView.xib in Resources */ = {isa = PBXBuildFile; fileRef = D22CC268181C22EA00A61CB9 /* SFProfileHeaderView.xib */; };
		D22CC26C181C23B800A61CB9 /* SFProfileHeaderView.m in Sources */ = {isa = PBXBuildFile; fileRef = D22CC26B181C23B800A61CB9 /* SFProfileHeaderView.m */; };
		D22CC26F181C277E00A61CB9 /* UIColor+SmokeFree.m in Sources */ = {isa = PBXBuildFile; fileRef = D22CC26E181C277E00A61CB9 /* UIColor+SmokeFree.m */; };
		D22CC271181C312A00A61CB9 /* profileImage.jpg in Resources */ = {isa = PBXBuildFile; fileRef = D22CC270181C312A00A61CB9 /* profileImage.jpg */; };
		D22CC274181C31C200A61CB9 /* UIImage+MaskedImage.m in Sources */ = {isa = PBXBuildFile; fileRef = D22CC273181C31C200A61CB9 /* UIImage+MaskedImage.m */; };
		D22CC27C181C345000A61CB9 /* UIView+position.m in Sources */ = {isa = PBXBuildFile; fileRef = D22CC27B181C345000A61CB9 /* UIView+position.m */; };
		D22CC27F181C44A700A61CB9 /* SFStartViewController.m in Sources */ = {isa = PBXBuildFile; fileRef = D22CC27E181C44A700A61CB9 /* SFStartViewController.m */; };
		D22CC281181C479800A61CB9 /* MessageUI.framework in Frameworks */ = {isa = PBXBuildFile; fileRef = D22CC280181C479800A61CB9 /* MessageUI.framework */; };
		D22CC283181C4B8000A61CB9 /* SFProfileCell.xib in Resources */ = {isa = PBXBuildFile; fileRef = D22CC282181C4B8000A61CB9 /* SFProfileCell.xib */; };
		D22CC286181C4BA200A61CB9 /* SFProfileCell.m in Sources */ = {isa = PBXBuildFile; fileRef = D22CC285181C4BA200A61CB9 /* SFProfileCell.m */; };
		D22CC289181C66C200A61CB9 /* SFDetailsViewController.m in Sources */ = {isa = PBXBuildFile; fileRef = D22CC288181C66C200A61CB9 /* SFDetailsViewController.m */; };
		D22CC28C181C696400A61CB9 /* SFDetailsViewController.xib in Resources */ = {isa = PBXBuildFile; fileRef = D22CC28B181C696400A61CB9 /* SFDetailsViewController.xib */; };
		D29480C5181C119D00C51E87 /* Foundation.framework in Frameworks */ = {isa = PBXBuildFile; fileRef = D29480C4181C119D00C51E87 /* Foundation.framework */; };
		D29480C7181C119D00C51E87 /* CoreGraphics.framework in Frameworks */ = {isa = PBXBuildFile; fileRef = D29480C6181C119D00C51E87 /* CoreGraphics.framework */; };
		D29480C9181C119D00C51E87 /* UIKit.framework in Frameworks */ = {isa = PBXBuildFile; fileRef = D29480C8181C119D00C51E87 /* UIKit.framework */; };
		D29480CF181C119D00C51E87 /* InfoPlist.strings in Resources */ = {isa = PBXBuildFile; fileRef = D29480CD181C119D00C51E87 /* InfoPlist.strings */; };
		D29480D1181C119D00C51E87 /* main.m in Sources */ = {isa = PBXBuildFile; fileRef = D29480D0181C119D00C51E87 /* main.m */; };
		D29480D5181C119D00C51E87 /* SFAppDelegate.m in Sources */ = {isa = PBXBuildFile; fileRef = D29480D4181C119D00C51E87 /* SFAppDelegate.m */; };
		D29480D7181C119D00C51E87 /* Images.xcassets in Resources */ = {isa = PBXBuildFile; fileRef = D29480D6181C119D00C51E87 /* Images.xcassets */; };
		D29480DE181C119D00C51E87 /* XCTest.framework in Frameworks */ = {isa = PBXBuildFile; fileRef = D29480DD181C119D00C51E87 /* XCTest.framework */; };
		D29480DF181C119D00C51E87 /* Foundation.framework in Frameworks */ = {isa = PBXBuildFile; fileRef = D29480C4181C119D00C51E87 /* Foundation.framework */; };
		D29480E0181C119D00C51E87 /* UIKit.framework in Frameworks */ = {isa = PBXBuildFile; fileRef = D29480C8181C119D00C51E87 /* UIKit.framework */; };
		D29480E8181C119D00C51E87 /* InfoPlist.strings in Resources */ = {isa = PBXBuildFile; fileRef = D29480E6181C119D00C51E87 /* InfoPlist.strings */; };
		D29480EA181C119D00C51E87 /* SmokeFreeTests.m in Sources */ = {isa = PBXBuildFile; fileRef = D29480E9181C119D00C51E87 /* SmokeFreeTests.m */; };
		D29480F5181C11D500C51E87 /* SFProfileViewController.m in Sources */ = {isa = PBXBuildFile; fileRef = D29480F4181C11D500C51E87 /* SFProfileViewController.m */; };
/* End PBXBuildFile section */

/* Begin PBXContainerItemProxy section */
		D29480E1181C119D00C51E87 /* PBXContainerItemProxy */ = {
			isa = PBXContainerItemProxy;
			containerPortal = D29480B9181C119D00C51E87 /* Project object */;
			proxyType = 1;
			remoteGlobalIDString = D29480C0181C119D00C51E87;
			remoteInfo = SmokeFree;
		};
/* End PBXContainerItemProxy section */

/* Begin PBXFileReference section */
		8CD8AD779E0B4F60BC0F3FDF /* Pods.xcconfig */ = {isa = PBXFileReference; includeInIndex = 1; lastKnownFileType = text.xcconfig; name = Pods.xcconfig; path = Pods/Pods.xcconfig; sourceTree = "<group>"; };
		D22CC268181C22EA00A61CB9 /* SFProfileHeaderView.xib */ = {isa = PBXFileReference; fileEncoding = 4; lastKnownFileType = file.xib; path = SFProfileHeaderView.xib; sourceTree = "<group>"; };
		D22CC26A181C23B800A61CB9 /* SFProfileHeaderView.h */ = {isa = PBXFileReference; fileEncoding = 4; lastKnownFileType = sourcecode.c.h; path = SFProfileHeaderView.h; sourceTree = "<group>"; };
		D22CC26B181C23B800A61CB9 /* SFProfileHeaderView.m */ = {isa = PBXFileReference; fileEncoding = 4; lastKnownFileType = sourcecode.c.objc; path = SFProfileHeaderView.m; sourceTree = "<group>"; };
		D22CC26D181C277E00A61CB9 /* UIColor+SmokeFree.h */ = {isa = PBXFileReference; fileEncoding = 4; lastKnownFileType = sourcecode.c.h; path = "UIColor+SmokeFree.h"; sourceTree = "<group>"; };
		D22CC26E181C277E00A61CB9 /* UIColor+SmokeFree.m */ = {isa = PBXFileReference; fileEncoding = 4; lastKnownFileType = sourcecode.c.objc; path = "UIColor+SmokeFree.m"; sourceTree = "<group>"; };
		D22CC270181C312A00A61CB9 /* profileImage.jpg */ = {isa = PBXFileReference; lastKnownFileType = image.jpeg; path = profileImage.jpg; sourceTree = "<group>"; };
		D22CC272181C31C200A61CB9 /* UIImage+MaskedImage.h */ = {isa = PBXFileReference; fileEncoding = 4; lastKnownFileType = sourcecode.c.h; path = "UIImage+MaskedImage.h"; sourceTree = "<group>"; };
		D22CC273181C31C200A61CB9 /* UIImage+MaskedImage.m */ = {isa = PBXFileReference; fileEncoding = 4; lastKnownFileType = sourcecode.c.objc; path = "UIImage+MaskedImage.m"; sourceTree = "<group>"; };
		D22CC27A181C345000A61CB9 /* UIView+position.h */ = {isa = PBXFileReference; fileEncoding = 4; lastKnownFileType = sourcecode.c.h; path = "UIView+position.h"; sourceTree = "<group>"; };
		D22CC27B181C345000A61CB9 /* UIView+position.m */ = {isa = PBXFileReference; fileEncoding = 4; lastKnownFileType = sourcecode.c.objc; path = "UIView+position.m"; sourceTree = "<group>"; };
		D22CC27D181C44A700A61CB9 /* SFStartViewController.h */ = {isa = PBXFileReference; fileEncoding = 4; lastKnownFileType = sourcecode.c.h; path = SFStartViewController.h; sourceTree = "<group>"; };
		D22CC27E181C44A700A61CB9 /* SFStartViewController.m */ = {isa = PBXFileReference; fileEncoding = 4; lastKnownFileType = sourcecode.c.objc; path = SFStartViewController.m; sourceTree = "<group>"; };
		D22CC280181C479800A61CB9 /* MessageUI.framework */ = {isa = PBXFileReference; lastKnownFileType = wrapper.framework; name = MessageUI.framework; path = System/Library/Frameworks/MessageUI.framework; sourceTree = SDKROOT; };
		D22CC282181C4B8000A61CB9 /* SFProfileCell.xib */ = {isa = PBXFileReference; fileEncoding = 4; lastKnownFileType = file.xib; path = SFProfileCell.xib; sourceTree = "<group>"; };
		D22CC284181C4BA200A61CB9 /* SFProfileCell.h */ = {isa = PBXFileReference; fileEncoding = 4; lastKnownFileType = sourcecode.c.h; path = SFProfileCell.h; sourceTree = "<group>"; };
		D22CC285181C4BA200A61CB9 /* SFProfileCell.m */ = {isa = PBXFileReference; fileEncoding = 4; lastKnownFileType = sourcecode.c.objc; path = SFProfileCell.m; sourceTree = "<group>"; };
		D22CC287181C66C200A61CB9 /* SFDetailsViewController.h */ = {isa = PBXFileReference; fileEncoding = 4; lastKnownFileType = sourcecode.c.h; path = SFDetailsViewController.h; sourceTree = "<group>"; };
		D22CC288181C66C200A61CB9 /* SFDetailsViewController.m */ = {isa = PBXFileReference; fileEncoding = 4; lastKnownFileType = sourcecode.c.objc; path = SFDetailsViewController.m; sourceTree = "<group>"; };
		D22CC28B181C696400A61CB9 /* SFDetailsViewController.xib */ = {isa = PBXFileReference; fileEncoding = 4; lastKnownFileType = file.xib; path = SFDetailsViewController.xib; sourceTree = "<group>"; };
		D29480C1181C119D00C51E87 /* SmokeFree.app */ = {isa = PBXFileReference; explicitFileType = wrapper.application; includeInIndex = 0; path = SmokeFree.app; sourceTree = BUILT_PRODUCTS_DIR; };
		D29480C4181C119D00C51E87 /* Foundation.framework */ = {isa = PBXFileReference; lastKnownFileType = wrapper.framework; name = Foundation.framework; path = System/Library/Frameworks/Foundation.framework; sourceTree = SDKROOT; };
		D29480C6181C119D00C51E87 /* CoreGraphics.framework */ = {isa = PBXFileReference; lastKnownFileType = wrapper.framework; name = CoreGraphics.framework; path = System/Library/Frameworks/CoreGraphics.framework; sourceTree = SDKROOT; };
		D29480C8181C119D00C51E87 /* UIKit.framework */ = {isa = PBXFileReference; lastKnownFileType = wrapper.framework; name = UIKit.framework; path = System/Library/Frameworks/UIKit.framework; sourceTree = SDKROOT; };
		D29480CC181C119D00C51E87 /* SmokeFree-Info.plist */ = {isa = PBXFileReference; lastKnownFileType = text.plist.xml; path = "SmokeFree-Info.plist"; sourceTree = "<group>"; };
		D29480CE181C119D00C51E87 /* en */ = {isa = PBXFileReference; lastKnownFileType = text.plist.strings; name = en; path = en.lproj/InfoPlist.strings; sourceTree = "<group>"; };
		D29480D0181C119D00C51E87 /* main.m */ = {isa = PBXFileReference; lastKnownFileType = sourcecode.c.objc; path = main.m; sourceTree = "<group>"; };
		D29480D2181C119D00C51E87 /* SmokeFree-Prefix.pch */ = {isa = PBXFileReference; lastKnownFileType = sourcecode.c.h; path = "SmokeFree-Prefix.pch"; sourceTree = "<group>"; };
		D29480D3181C119D00C51E87 /* SFAppDelegate.h */ = {isa = PBXFileReference; lastKnownFileType = sourcecode.c.h; path = SFAppDelegate.h; sourceTree = "<group>"; };
		D29480D4181C119D00C51E87 /* SFAppDelegate.m */ = {isa = PBXFileReference; lastKnownFileType = sourcecode.c.objc; path = SFAppDelegate.m; sourceTree = "<group>"; };
		D29480D6181C119D00C51E87 /* Images.xcassets */ = {isa = PBXFileReference; lastKnownFileType = folder.assetcatalog; path = Images.xcassets; sourceTree = "<group>"; };
		D29480DC181C119D00C51E87 /* SmokeFreeTests.xctest */ = {isa = PBXFileReference; explicitFileType = wrapper.cfbundle; includeInIndex = 0; path = SmokeFreeTests.xctest; sourceTree = BUILT_PRODUCTS_DIR; };
		D29480DD181C119D00C51E87 /* XCTest.framework */ = {isa = PBXFileReference; lastKnownFileType = wrapper.framework; name = XCTest.framework; path = Library/Frameworks/XCTest.framework; sourceTree = DEVELOPER_DIR; };
		D29480E5181C119D00C51E87 /* SmokeFreeTests-Info.plist */ = {isa = PBXFileReference; lastKnownFileType = text.plist.xml; path = "SmokeFreeTests-Info.plist"; sourceTree = "<group>"; };
		D29480E7181C119D00C51E87 /* en */ = {isa = PBXFileReference; lastKnownFileType = text.plist.strings; name = en; path = en.lproj/InfoPlist.strings; sourceTree = "<group>"; };
		D29480E9181C119D00C51E87 /* SmokeFreeTests.m */ = {isa = PBXFileReference; lastKnownFileType = sourcecode.c.objc; path = SmokeFreeTests.m; sourceTree = "<group>"; };
		D29480F3181C11D500C51E87 /* SFProfileViewController.h */ = {isa = PBXFileReference; fileEncoding = 4; lastKnownFileType = sourcecode.c.h; path = SFProfileViewController.h; sourceTree = "<group>"; };
		D29480F4181C11D500C51E87 /* SFProfileViewController.m */ = {isa = PBXFileReference; fileEncoding = 4; lastKnownFileType = sourcecode.c.objc; path = SFProfileViewController.m; sourceTree = "<group>"; };
/* End PBXFileReference section */

/* Begin PBXFrameworksBuildPhase section */
		D29480BE181C119D00C51E87 /* Frameworks */ = {
			isa = PBXFrameworksBuildPhase;
			buildActionMask = 2147483647;
			files = (
				D29480C7181C119D00C51E87 /* CoreGraphics.framework in Frameworks */,
				D22CC281181C479800A61CB9 /* MessageUI.framework in Frameworks */,
				D29480C9181C119D00C51E87 /* UIKit.framework in Frameworks */,
				D29480C5181C119D00C51E87 /* Foundation.framework in Frameworks */,
			);
			runOnlyForDeploymentPostprocessing = 0;
		};
		D29480D9181C119D00C51E87 /* Frameworks */ = {
			isa = PBXFrameworksBuildPhase;
			buildActionMask = 2147483647;
			files = (
				D29480DE181C119D00C51E87 /* XCTest.framework in Frameworks */,
				D29480E0181C119D00C51E87 /* UIKit.framework in Frameworks */,
				D29480DF181C119D00C51E87 /* Foundation.framework in Frameworks */,
			);
			runOnlyForDeploymentPostprocessing = 0;
		};
/* End PBXFrameworksBuildPhase section */

/* Begin PBXGroup section */
		D22CC275181C320B00A61CB9 /* Categories */ = {
			isa = PBXGroup;
			children = (
				D22CC27A181C345000A61CB9 /* UIView+position.h */,
				D22CC27B181C345000A61CB9 /* UIView+position.m */,
				D22CC26D181C277E00A61CB9 /* UIColor+SmokeFree.h */,
				D22CC26E181C277E00A61CB9 /* UIColor+SmokeFree.m */,
				D22CC272181C31C200A61CB9 /* UIImage+MaskedImage.h */,
				D22CC273181C31C200A61CB9 /* UIImage+MaskedImage.m */,
			);
			name = Categories;
			sourceTree = "<group>";
		};
		D22CC276181C321300A61CB9 /* Profile */ = {
			isa = PBXGroup;
			children = (
				D29480F3181C11D500C51E87 /* SFProfileViewController.h */,
				D29480F4181C11D500C51E87 /* SFProfileViewController.m */,
				D22CC26A181C23B800A61CB9 /* SFProfileHeaderView.h */,
				D22CC26B181C23B800A61CB9 /* SFProfileHeaderView.m */,
				D22CC268181C22EA00A61CB9 /* SFProfileHeaderView.xib */,
				D22CC284181C4BA200A61CB9 /* SFProfileCell.h */,
				D22CC285181C4BA200A61CB9 /* SFProfileCell.m */,
				D22CC282181C4B8000A61CB9 /* SFProfileCell.xib */,
			);
			name = Profile;
			sourceTree = "<group>";
		};
		D22CC28A181C66C500A61CB9 /* Details */ = {
			isa = PBXGroup;
			children = (
				D22CC287181C66C200A61CB9 /* SFDetailsViewController.h */,
				D22CC288181C66C200A61CB9 /* SFDetailsViewController.m */,
				D22CC28B181C696400A61CB9 /* SFDetailsViewController.xib */,
			);
			name = Details;
			sourceTree = "<group>";
		};
		D29480B8181C119D00C51E87 = {
			isa = PBXGroup;
			children = (
				D29480CA181C119D00C51E87 /* SmokeFree */,
				D29480E3181C119D00C51E87 /* SmokeFreeTests */,
				D29480C3181C119D00C51E87 /* Frameworks */,
				D29480C2181C119D00C51E87 /* Products */,
				8CD8AD779E0B4F60BC0F3FDF /* Pods.xcconfig */,
			);
			sourceTree = "<group>";
		};
		D29480C2181C119D00C51E87 /* Products */ = {
			isa = PBXGroup;
			children = (
				D29480C1181C119D00C51E87 /* SmokeFree.app */,
				D29480DC181C119D00C51E87 /* SmokeFreeTests.xctest */,
			);
			name = Products;
			sourceTree = "<group>";
		};
		D29480C3181C119D00C51E87 /* Frameworks */ = {
			isa = PBXGroup;
			children = (
				D22CC280181C479800A61CB9 /* MessageUI.framework */,
				D29480C4181C119D00C51E87 /* Foundation.framework */,
				D29480C6181C119D00C51E87 /* CoreGraphics.framework */,
				D29480C8181C119D00C51E87 /* UIKit.framework */,
				D29480DD181C119D00C51E87 /* XCTest.framework */,
			);
			name = Frameworks;
			sourceTree = "<group>";
		};
		D29480CA181C119D00C51E87 /* SmokeFree */ = {
			isa = PBXGroup;
			children = (
				D29480D3181C119D00C51E87 /* SFAppDelegate.h */,
				D29480D4181C119D00C51E87 /* SFAppDelegate.m */,
				D22CC27D181C44A700A61CB9 /* SFStartViewController.h */,
				D22CC27E181C44A700A61CB9 /* SFStartViewController.m */,
				D22CC276181C321300A61CB9 /* Profile */,
				D22CC28A181C66C500A61CB9 /* Details */,
				D22CC275181C320B00A61CB9 /* Categories */,
				D22CC270181C312A00A61CB9 /* profileImage.jpg */,
				D29480D6181C119D00C51E87 /* Images.xcassets */,
				D29480CB181C119D00C51E87 /* Supporting Files */,
			);
			path = SmokeFree;
			sourceTree = "<group>";
		};
		D29480CB181C119D00C51E87 /* Supporting Files */ = {
			isa = PBXGroup;
			children = (
				D29480CC181C119D00C51E87 /* SmokeFree-Info.plist */,
				D29480CD181C119D00C51E87 /* InfoPlist.strings */,
				D29480D0181C119D00C51E87 /* main.m */,
				D29480D2181C119D00C51E87 /* SmokeFree-Prefix.pch */,
			);
			name = "Supporting Files";
			sourceTree = "<group>";
		};
		D29480E3181C119D00C51E87 /* SmokeFreeTests */ = {
			isa = PBXGroup;
			children = (
				D29480E9181C119D00C51E87 /* SmokeFreeTests.m */,
				D29480E4181C119D00C51E87 /* Supporting Files */,
			);
			path = SmokeFreeTests;
			sourceTree = "<group>";
		};
		D29480E4181C119D00C51E87 /* Supporting Files */ = {
			isa = PBXGroup;
			children = (
				D29480E5181C119D00C51E87 /* SmokeFreeTests-Info.plist */,
				D29480E6181C119D00C51E87 /* InfoPlist.strings */,
			);
			name = "Supporting Files";
			sourceTree = "<group>";
		};
/* End PBXGroup section */

/* Begin PBXNativeTarget section */
		D29480C0181C119D00C51E87 /* SmokeFree */ = {
			isa = PBXNativeTarget;
			buildConfigurationList = D29480ED181C119D00C51E87 /* Build configuration list for PBXNativeTarget "SmokeFree" */;
			buildPhases = (
				D29480BD181C119D00C51E87 /* Sources */,
				D29480BE181C119D00C51E87 /* Frameworks */,
				D29480BF181C119D00C51E87 /* Resources */,
			);
			buildRules = (
			);
			dependencies = (
			);
			name = SmokeFree;
			productName = SmokeFree;
			productReference = D29480C1181C119D00C51E87 /* SmokeFree.app */;
			productType = "com.apple.product-type.application";
		};
		D29480DB181C119D00C51E87 /* SmokeFreeTests */ = {
			isa = PBXNativeTarget;
			buildConfigurationList = D29480F0181C119D00C51E87 /* Build configuration list for PBXNativeTarget "SmokeFreeTests" */;
			buildPhases = (
				D29480D8181C119D00C51E87 /* Sources */,
				D29480D9181C119D00C51E87 /* Frameworks */,
				D29480DA181C119D00C51E87 /* Resources */,
			);
			buildRules = (
			);
			dependencies = (
				D29480E2181C119D00C51E87 /* PBXTargetDependency */,
			);
			name = SmokeFreeTests;
			productName = SmokeFreeTests;
			productReference = D29480DC181C119D00C51E87 /* SmokeFreeTests.xctest */;
			productType = "com.apple.product-type.bundle.unit-test";
		};
/* End PBXNativeTarget section */

/* Begin PBXProject section */
		D29480B9181C119D00C51E87 /* Project object */ = {
			isa = PBXProject;
			attributes = {
				CLASSPREFIX = SF;
				LastUpgradeCheck = 0500;
				TargetAttributes = {
					D29480DB181C119D00C51E87 = {
						TestTargetID = D29480C0181C119D00C51E87;
					};
				};
			};
			buildConfigurationList = D29480BC181C119D00C51E87 /* Build configuration list for PBXProject "SmokeFree" */;
			compatibilityVersion = "Xcode 3.2";
			developmentRegion = English;
			hasScannedForEncodings = 0;
			knownRegions = (
				en,
			);
			mainGroup = D29480B8181C119D00C51E87;
			productRefGroup = D29480C2181C119D00C51E87 /* Products */;
			projectDirPath = "";
			projectRoot = "";
			targets = (
				D29480C0181C119D00C51E87 /* SmokeFree */,
				D29480DB181C119D00C51E87 /* SmokeFreeTests */,
			);
		};
/* End PBXProject section */

/* Begin PBXResourcesBuildPhase section */
		D29480BF181C119D00C51E87 /* Resources */ = {
			isa = PBXResourcesBuildPhase;
			buildActionMask = 2147483647;
			files = (
				D22CC269181C22EA00A61CB9 /* SFProfileHeaderView.xib in Resources */,
				D22CC283181C4B8000A61CB9 /* SFProfileCell.xib in Resources */,
				D29480CF181C119D00C51E87 /* InfoPlist.strings in Resources */,
				D29480D7181C119D00C51E87 /* Images.xcassets in Resources */,
				D22CC28C181C696400A61CB9 /* SFDetailsViewController.xib in Resources */,
				D22CC271181C312A00A61CB9 /* profileImage.jpg in Resources */,
			);
			runOnlyForDeploymentPostprocessing = 0;
		};
		D29480DA181C119D00C51E87 /* Resources */ = {
			isa = PBXResourcesBuildPhase;
			buildActionMask = 2147483647;
			files = (
				D29480E8181C119D00C51E87 /* InfoPlist.strings in Resources */,
			);
			runOnlyForDeploymentPostprocessing = 0;
		};
/* End PBXResourcesBuildPhase section */

/* Begin PBXSourcesBuildPhase section */
		D29480BD181C119D00C51E87 /* Sources */ = {
			isa = PBXSourcesBuildPhase;
			buildActionMask = 2147483647;
			files = (
				D22CC289181C66C200A61CB9 /* SFDetailsViewController.m in Sources */,
				D22CC286181C4BA200A61CB9 /* SFProfileCell.m in Sources */,
				D22CC27F181C44A700A61CB9 /* SFStartViewController.m in Sources */,
				D29480D1181C119D00C51E87 /* main.m in Sources */,
				D29480F5181C11D500C51E87 /* SFProfileViewController.m in Sources */,
				D22CC274181C31C200A61CB9 /* UIImage+MaskedImage.m in Sources */,
				D22CC26C181C23B800A61CB9 /* SFProfileHeaderView.m in Sources */,
				D22CC27C181C345000A61CB9 /* UIView+position.m in Sources */,
				D29480D5181C119D00C51E87 /* SFAppDelegate.m in Sources */,
				D22CC26F181C277E00A61CB9 /* UIColor+SmokeFree.m in Sources */,
			);
			runOnlyForDeploymentPostprocessing = 0;
		};
		D29480D8181C119D00C51E87 /* Sources */ = {
			isa = PBXSourcesBuildPhase;
			buildActionMask = 2147483647;
			files = (
				D29480EA181C119D00C51E87 /* SmokeFreeTests.m in Sources */,
			);
			runOnlyForDeploymentPostprocessing = 0;
		};
/* End PBXSourcesBuildPhase section */

/* Begin PBXTargetDependency section */
		D29480E2181C119D00C51E87 /* PBXTargetDependency */ = {
			isa = PBXTargetDependency;
			target = D29480C0181C119D00C51E87 /* SmokeFree */;
			targetProxy = D29480E1181C119D00C51E87 /* PBXContainerItemProxy */;
		};
/* End PBXTargetDependency section */

/* Begin PBXVariantGroup section */
		D29480CD181C119D00C51E87 /* InfoPlist.strings */ = {
			isa = PBXVariantGroup;
			children = (
				D29480CE181C119D00C51E87 /* en */,
			);
			name = InfoPlist.strings;
			sourceTree = "<group>";
		};
		D29480E6181C119D00C51E87 /* InfoPlist.strings */ = {
			isa = PBXVariantGroup;
			children = (
				D29480E7181C119D00C51E87 /* en */,
			);
			name = InfoPlist.strings;
			sourceTree = "<group>";
		};
/* End PBXVariantGroup section */

/* Begin XCBuildConfiguration section */
		D29480EB181C119D00C51E87 /* Debug */ = {
			isa = XCBuildConfiguration;
			buildSettings = {
				ALWAYS_SEARCH_USER_PATHS = NO;
				ARCHS = "$(ARCHS_STANDARD_INCLUDING_64_BIT)";
				CLANG_CXX_LANGUAGE_STANDARD = "gnu++0x";
				CLANG_CXX_LIBRARY = "libc++";
				CLANG_ENABLE_MODULES = YES;
				CLANG_ENABLE_OBJC_ARC = YES;
				CLANG_WARN_BOOL_CONVERSION = YES;
				CLANG_WARN_CONSTANT_CONVERSION = YES;
				CLANG_WARN_DIRECT_OBJC_ISA_USAGE = YES_ERROR;
				CLANG_WARN_EMPTY_BODY = YES;
				CLANG_WARN_ENUM_CONVERSION = YES;
				CLANG_WARN_INT_CONVERSION = YES;
				CLANG_WARN_OBJC_ROOT_CLASS = YES_ERROR;
				CLANG_WARN__DUPLICATE_METHOD_MATCH = YES;
				"CODE_SIGN_IDENTITY[sdk=iphoneos*]" = "iPhone Developer";
				COPY_PHASE_STRIP = NO;
				GCC_C_LANGUAGE_STANDARD = gnu99;
				GCC_DYNAMIC_NO_PIC = NO;
				GCC_OPTIMIZATION_LEVEL = 0;
				GCC_PREPROCESSOR_DEFINITIONS = (
					"DEBUG=1",
					"$(inherited)",
				);
				GCC_SYMBOLS_PRIVATE_EXTERN = NO;
				GCC_WARN_64_TO_32_BIT_CONVERSION = YES;
				GCC_WARN_ABOUT_RETURN_TYPE = YES_ERROR;
				GCC_WARN_UNDECLARED_SELECTOR = YES;
				GCC_WARN_UNINITIALIZED_AUTOS = YES;
				GCC_WARN_UNUSED_FUNCTION = YES;
				GCC_WARN_UNUSED_VARIABLE = YES;
				IPHONEOS_DEPLOYMENT_TARGET = 7.0;
				ONLY_ACTIVE_ARCH = YES;
				SDKROOT = iphoneos;
			};
			name = Debug;
		};
		D29480EC181C119D00C51E87 /* Release */ = {
			isa = XCBuildConfiguration;
			buildSettings = {
				ALWAYS_SEARCH_USER_PATHS = NO;
				ARCHS = "$(ARCHS_STANDARD_INCLUDING_64_BIT)";
				CLANG_CXX_LANGUAGE_STANDARD = "gnu++0x";
				CLANG_CXX_LIBRARY = "libc++";
				CLANG_ENABLE_MODULES = YES;
				CLANG_ENABLE_OBJC_ARC = YES;
				CLANG_WARN_BOOL_CONVERSION = YES;
				CLANG_WARN_CONSTANT_CONVERSION = YES;
				CLANG_WARN_DIRECT_OBJC_ISA_USAGE = YES_ERROR;
				CLANG_WARN_EMPTY_BODY = YES;
				CLANG_WARN_ENUM_CONVERSION = YES;
				CLANG_WARN_INT_CONVERSION = YES;
				CLANG_WARN_OBJC_ROOT_CLASS = YES_ERROR;
				CLANG_WARN__DUPLICATE_METHOD_MATCH = YES;
				"CODE_SIGN_IDENTITY[sdk=iphoneos*]" = "iPhone Developer";
				COPY_PHASE_STRIP = YES;
				ENABLE_NS_ASSERTIONS = NO;
				GCC_C_LANGUAGE_STANDARD = gnu99;
				GCC_WARN_64_TO_32_BIT_CONVERSION = YES;
				GCC_WARN_ABOUT_RETURN_TYPE = YES_ERROR;
				GCC_WARN_UNDECLARED_SELECTOR = YES;
				GCC_WARN_UNINITIALIZED_AUTOS = YES;
				GCC_WARN_UNUSED_FUNCTION = YES;
				GCC_WARN_UNUSED_VARIABLE = YES;
				IPHONEOS_DEPLOYMENT_TARGET = 7.0;
				SDKROOT = iphoneos;
				VALIDATE_PRODUCT = YES;
			};
			name = Release;
		};
		D29480EE181C119D00C51E87 /* Debug */ = {
			isa = XCBuildConfiguration;
			buildSettings = {
				ASSETCATALOG_COMPILER_APPICON_NAME = AppIcon;
				ASSETCATALOG_COMPILER_LAUNCHIMAGE_NAME = LaunchImage;
				GCC_PRECOMPILE_PREFIX_HEADER = YES;
				GCC_PREFIX_HEADER = "SmokeFree/SmokeFree-Prefix.pch";
				INFOPLIST_FILE = "SmokeFree/SmokeFree-Info.plist";
				PRODUCT_NAME = "$(TARGET_NAME)";
				WRAPPER_EXTENSION = app;
			};
			name = Debug;
		};
		D29480EF181C119D00C51E87 /* Release */ = {
			isa = XCBuildConfiguration;
			buildSettings = {
				ASSETCATALOG_COMPILER_APPICON_NAME = AppIcon;
				ASSETCATALOG_COMPILER_LAUNCHIMAGE_NAME = LaunchImage;
				GCC_PRECOMPILE_PREFIX_HEADER = YES;
				GCC_PREFIX_HEADER = "SmokeFree/SmokeFree-Prefix.pch";
				INFOPLIST_FILE = "SmokeFree/SmokeFree-Info.plist";
				PRODUCT_NAME = "$(TARGET_NAME)";
				WRAPPER_EXTENSION = app;
			};
			name = Release;
		};
		D29480F1181C119D00C51E87 /* Debug */ = {
			isa = XCBuildConfiguration;
			buildSettings = {
				ARCHS = "$(ARCHS_STANDARD_INCLUDING_64_BIT)";
				BUNDLE_LOADER = "$(BUILT_PRODUCTS_DIR)/SmokeFree.app/SmokeFree";
				FRAMEWORK_SEARCH_PATHS = (
					"$(SDKROOT)/Developer/Library/Frameworks",
					"$(inherited)",
					"$(DEVELOPER_FRAMEWORKS_DIR)",
				);
				GCC_PRECOMPILE_PREFIX_HEADER = YES;
				GCC_PREFIX_HEADER = "SmokeFree/SmokeFree-Prefix.pch";
				GCC_PREPROCESSOR_DEFINITIONS = (
					"DEBUG=1",
					"$(inherited)",
				);
				INFOPLIST_FILE = "SmokeFreeTests/SmokeFreeTests-Info.plist";
				PRODUCT_NAME = "$(TARGET_NAME)";
				TEST_HOST = "$(BUNDLE_LOADER)";
				WRAPPER_EXTENSION = xctest;
			};
			name = Debug;
		};
		D29480F2181C119D00C51E87 /* Release */ = {
			isa = XCBuildConfiguration;
			buildSettings = {
				ARCHS = "$(ARCHS_STANDARD_INCLUDING_64_BIT)";
				BUNDLE_LOADER = "$(BUILT_PRODUCTS_DIR)/SmokeFree.app/SmokeFree";
				FRAMEWORK_SEARCH_PATHS = (
					"$(SDKROOT)/Developer/Library/Frameworks",
					"$(inherited)",
					"$(DEVELOPER_FRAMEWORKS_DIR)",
				);
				GCC_PRECOMPILE_PREFIX_HEADER = YES;
				GCC_PREFIX_HEADER = "SmokeFree/SmokeFree-Prefix.pch";
				INFOPLIST_FILE = "SmokeFreeTests/SmokeFreeTests-Info.plist";
				PRODUCT_NAME = "$(TARGET_NAME)";
				TEST_HOST = "$(BUNDLE_LOADER)";
				WRAPPER_EXTENSION = xctest;
			};
			name = Release;
		};
/* End XCBuildConfiguration section */

/* Begin XCConfigurationList section */
		D29480BC181C119D00C51E87 /* Build configuration list for PBXProject "SmokeFree" */ = {
			isa = XCConfigurationList;
			buildConfigurations = (
				D29480EB181C119D00C51E87 /* Debug */,
				D29480EC181C119D00C51E87 /* Release */,
			);
			defaultConfigurationIsVisible = 0;
			defaultConfigurationName = Release;
		};
		D29480ED181C119D00C51E87 /* Build configuration list for PBXNativeTarget "SmokeFree" */ = {
			isa = XCConfigurationList;
			buildConfigurations = (
				D29480EE181C119D00C51E87 /* Debug */,
				D29480EF181C119D00C51E87 /* Release */,
			);
			defaultConfigurationIsVisible = 0;
			defaultConfigurationName = Release;
		};
		D29480F0181C119D00C51E87 /* Build configuration list for PBXNativeTarget "SmokeFreeTests" */ = {
			isa = XCConfigurationList;
			buildConfigurations = (
				D29480F1181C119D00C51E87 /* Debug */,
				D29480F2181C119D00C51E87 /* Release */,
			);
			defaultConfigurationIsVisible = 0;
			defaultConfigurationName = Release;
		};
/* End XCConfigurationList section */
	};
	rootObject = D29480B9181C119D00C51E87 /* Project object */;
}
